
Microsoft Visual Studio Solution File, Format Version 12.00
# Visual Studio Version 17
VisualStudioVersion = 17.11.35327.3
MinimumVisualStudioVersion = 10.0.40219.1
Project("{FAE04EC0-301F-11D3-BF4B-00C04F79EFBC}") = "Gradpath", "Gradpath.csproj", "{CBBDB8EF-2545-4ECC-B2D8-A875BC4643A1}"
EndProject
Global
	GlobalSection(SolutionConfigurationPlatforms) = preSolution
		Debug|Any CPU = Debug|Any CPU
		Release|Any CPU = Release|Any CPU
	EndGlobalSection
	GlobalSection(ProjectConfigurationPlatforms) = postSolution
		{CBBDB8EF-2545-4ECC-B2D8-A875BC4643A1}.Debug|Any CPU.ActiveCfg = Debug|Any CPU
		{CBBDB8EF-2545-4ECC-B2D8-A875BC4643A1}.Debug|Any CPU.Build.0 = Debug|Any CPU
		{CBBDB8EF-2545-4ECC-B2D8-A875BC4643A1}.Debug|Any CPU.Deploy.0 = Debug|Any CPU
		{CBBDB8EF-2545-4ECC-B2D8-A875BC4643A1}.Release|Any CPU.ActiveCfg = Release|Any CPU
		{CBBDB8EF-2545-4ECC-B2D8-A875BC4643A1}.Release|Any CPU.Build.0 = Release|Any CPU
		{CBBDB8EF-2545-4ECC-B2D8-A875BC4643A1}.Release|Any CPU.Deploy.0 = Release|Any CPU
	EndGlobalSection
	GlobalSection(SolutionProperties) = preSolution
		HideSolutionNode = FALSE
	EndGlobalSection
	GlobalSection(ExtensibilityGlobals) = postSolution
		SolutionGuid = {4AF04B5B-9ECF-4756-8495-B92DF5C938F7}
	EndGlobalSection
EndGlobal
